// !$*UTF8*$!
{
	archiveVersion = 1;
	classes = {
	};
	objectVersion = 46;
	objects = {

/* Begin PBXBuildFile section */
		1369B1C81DD91BC200A212E9 /* AppDelegate.swift in Sources */ = {isa = PBXBuildFile; fileRef = 1369B1C71DD91BC200A212E9 /* AppDelegate.swift */; };
		1369B1CA1DD91BC200A212E9 /* EventsViewController.swift in Sources */ = {isa = PBXBuildFile; fileRef = 1369B1C91DD91BC200A212E9 /* EventsViewController.swift */; };
		1369B1CC1DD91BC200A212E9 /* TicketsViewController.swift in Sources */ = {isa = PBXBuildFile; fileRef = 1369B1CB1DD91BC200A212E9 /* TicketsViewController.swift */; };
		1369B1CF1DD91BC200A212E9 /* Main.storyboard in Resources */ = {isa = PBXBuildFile; fileRef = 1369B1CD1DD91BC200A212E9 /* Main.storyboard */; };
		1369B1D11DD91BC200A212E9 /* Assets.xcassets in Resources */ = {isa = PBXBuildFile; fileRef = 1369B1D01DD91BC200A212E9 /* Assets.xcassets */; };
		1369B1D41DD91BC200A212E9 /* LaunchScreen.storyboard in Resources */ = {isa = PBXBuildFile; fileRef = 1369B1D21DD91BC200A212E9 /* LaunchScreen.storyboard */; };
		1369B1DC1DD91CA000A212E9 /* Event.swift in Sources */ = {isa = PBXBuildFile; fileRef = 1369B1DB1DD91CA000A212E9 /* Event.swift */; };
		1369B1DE1DD91DC200A212E9 /* Ticket.swift in Sources */ = {isa = PBXBuildFile; fileRef = 1369B1DD1DD91DC200A212E9 /* Ticket.swift */; };
		7C1757481DDA331B00BECA1E /* GoogleService-Info.plist in Resources */ = {isa = PBXBuildFile; fileRef = 7C1757471DDA331B00BECA1E /* GoogleService-Info.plist */; };
		7C1FC9561DE251CB007DEFA0 /* EventDetailView.swift in Sources */ = {isa = PBXBuildFile; fileRef = 7C1FC9541DE251CB007DEFA0 /* EventDetailView.swift */; };
		7C1FC9571DE251CB007DEFA0 /* EventDetailView.xib in Resources */ = {isa = PBXBuildFile; fileRef = 7C1FC9551DE251CB007DEFA0 /* EventDetailView.xib */; };
		7CEA39131DDCD87D00599F5A /* eventForm.swift in Sources */ = {isa = PBXBuildFile; fileRef = 7CEA39111DDCD87D00599F5A /* eventForm.swift */; };
		7CEA39141DDCD87D00599F5A /* eventForm.xib in Resources */ = {isa = PBXBuildFile; fileRef = 7CEA39121DDCD87D00599F5A /* eventForm.xib */; };
		DE1B39E16A4D2EC20A71ACE2 /* Pods_Turnstyle.framework in Frameworks */ = {isa = PBXBuildFile; fileRef = 42D2F393F179674A061AD792 /* Pods_Turnstyle.framework */; };
/* End PBXBuildFile section */

/* Begin PBXFileReference section */
		1369B1C41DD91BC100A212E9 /* Turnstyle.app */ = {isa = PBXFileReference; explicitFileType = wrapper.application; includeInIndex = 0; path = Turnstyle.app; sourceTree = BUILT_PRODUCTS_DIR; };
		1369B1C71DD91BC200A212E9 /* AppDelegate.swift */ = {isa = PBXFileReference; lastKnownFileType = sourcecode.swift; path = AppDelegate.swift; sourceTree = "<group>"; };
		1369B1C91DD91BC200A212E9 /* EventsViewController.swift */ = {isa = PBXFileReference; lastKnownFileType = sourcecode.swift; path = EventsViewController.swift; sourceTree = "<group>"; };
		1369B1CB1DD91BC200A212E9 /* TicketsViewController.swift */ = {isa = PBXFileReference; lastKnownFileType = sourcecode.swift; path = TicketsViewController.swift; sourceTree = "<group>"; };
		1369B1CE1DD91BC200A212E9 /* Base */ = {isa = PBXFileReference; lastKnownFileType = file.storyboard; name = Base; path = Base.lproj/Main.storyboard; sourceTree = "<group>"; };
		1369B1D01DD91BC200A212E9 /* Assets.xcassets */ = {isa = PBXFileReference; lastKnownFileType = folder.assetcatalog; path = Assets.xcassets; sourceTree = "<group>"; };
		1369B1D31DD91BC200A212E9 /* Base */ = {isa = PBXFileReference; lastKnownFileType = file.storyboard; name = Base; path = Base.lproj/LaunchScreen.storyboard; sourceTree = "<group>"; };
		1369B1D51DD91BC200A212E9 /* Info.plist */ = {isa = PBXFileReference; lastKnownFileType = text.plist.xml; path = Info.plist; sourceTree = "<group>"; };
		1369B1DB1DD91CA000A212E9 /* Event.swift */ = {isa = PBXFileReference; fileEncoding = 4; lastKnownFileType = sourcecode.swift; path = Event.swift; sourceTree = "<group>"; };
		1369B1DD1DD91DC200A212E9 /* Ticket.swift */ = {isa = PBXFileReference; fileEncoding = 4; lastKnownFileType = sourcecode.swift; path = Ticket.swift; sourceTree = "<group>"; };
		3CB80A77E508C0FCE5FC9B3A /* Pods-Turnstyle.release.xcconfig */ = {isa = PBXFileReference; includeInIndex = 1; lastKnownFileType = text.xcconfig; name = "Pods-Turnstyle.release.xcconfig"; path = "Pods/Target Support Files/Pods-Turnstyle/Pods-Turnstyle.release.xcconfig"; sourceTree = "<group>"; };
		42D2F393F179674A061AD792 /* Pods_Turnstyle.framework */ = {isa = PBXFileReference; explicitFileType = wrapper.framework; includeInIndex = 0; path = Pods_Turnstyle.framework; sourceTree = BUILT_PRODUCTS_DIR; };
		7C1757471DDA331B00BECA1E /* GoogleService-Info.plist */ = {isa = PBXFileReference; fileEncoding = 4; lastKnownFileType = text.plist.xml; path = "GoogleService-Info.plist"; sourceTree = "<group>"; };
		7C1FC9541DE251CB007DEFA0 /* EventDetailView.swift */ = {isa = PBXFileReference; fileEncoding = 4; lastKnownFileType = sourcecode.swift; path = EventDetailView.swift; sourceTree = "<group>"; };
		7C1FC9551DE251CB007DEFA0 /* EventDetailView.xib */ = {isa = PBXFileReference; fileEncoding = 4; lastKnownFileType = file.xib; path = EventDetailView.xib; sourceTree = "<group>"; };
		7CEA39111DDCD87D00599F5A /* eventForm.swift */ = {isa = PBXFileReference; fileEncoding = 4; lastKnownFileType = sourcecode.swift; path = eventForm.swift; sourceTree = "<group>"; };
		7CEA39121DDCD87D00599F5A /* eventForm.xib */ = {isa = PBXFileReference; fileEncoding = 4; lastKnownFileType = file.xib; path = eventForm.xib; sourceTree = "<group>"; };
		7CEA39151DDCDE2700599F5A /* GoogleToolboxForMac.framework */ = {isa = PBXFileReference; lastKnownFileType = wrapper.framework; name = GoogleToolboxForMac.framework; path = "../../Library/Developer/Xcode/DerivedData/Turnstyle-cebixxxqotyidrhfbyyhxtkddpig/Build/Products/Debug-iphonesimulator/GoogleToolboxForMac/GoogleToolboxForMac.framework"; sourceTree = "<group>"; };
		7CEA39171DDCDE2B00599F5A /* Stripe.framework */ = {isa = PBXFileReference; lastKnownFileType = wrapper.framework; name = Stripe.framework; path = "../../Library/Developer/Xcode/DerivedData/Turnstyle-cebixxxqotyidrhfbyyhxtkddpig/Build/Products/Debug-iphonesimulator/Stripe/Stripe.framework"; sourceTree = "<group>"; };
		84E56FCB453B4566FC914292 /* Pods-Turnstyle.debug.xcconfig */ = {isa = PBXFileReference; includeInIndex = 1; lastKnownFileType = text.xcconfig; name = "Pods-Turnstyle.debug.xcconfig"; path = "Pods/Target Support Files/Pods-Turnstyle/Pods-Turnstyle.debug.xcconfig"; sourceTree = "<group>"; };
/* End PBXFileReference section */

/* Begin PBXFrameworksBuildPhase section */
		1369B1C11DD91BC100A212E9 /* Frameworks */ = {
			isa = PBXFrameworksBuildPhase;
			buildActionMask = 2147483647;
			files = (
				DE1B39E16A4D2EC20A71ACE2 /* Pods_Turnstyle.framework in Frameworks */,
			);
			runOnlyForDeploymentPostprocessing = 0;
		};
/* End PBXFrameworksBuildPhase section */

/* Begin PBXGroup section */
		1369B1BB1DD91BC100A212E9 = {
			isa = PBXGroup;
			children = (
				1369B1C61DD91BC100A212E9 /* Turnstyle */,
				1369B1C51DD91BC100A212E9 /* Products */,
				C2714D07DB6CE7950EC132A8 /* Pods */,
				2994F92FEB2EC6829A49B522 /* Frameworks */,
			);
			sourceTree = "<group>";
		};
		1369B1C51DD91BC100A212E9 /* Products */ = {
			isa = PBXGroup;
			children = (
				1369B1C41DD91BC100A212E9 /* Turnstyle.app */,
			);
			name = Products;
			sourceTree = "<group>";
		};
		1369B1C61DD91BC100A212E9 /* Turnstyle */ = {
			isa = PBXGroup;
			children = (
				7C1757471DDA331B00BECA1E /* GoogleService-Info.plist */,
				1369B1C71DD91BC200A212E9 /* AppDelegate.swift */,
				1369B1C91DD91BC200A212E9 /* EventsViewController.swift */,
				7C1FC9541DE251CB007DEFA0 /* EventDetailView.swift */,
				7C1FC9551DE251CB007DEFA0 /* EventDetailView.xib */,
				1369B1CB1DD91BC200A212E9 /* TicketsViewController.swift */,
				1369B1CD1DD91BC200A212E9 /* Main.storyboard */,
				7CEA39111DDCD87D00599F5A /* eventForm.swift */,
				7CEA39121DDCD87D00599F5A /* eventForm.xib */,
				1369B1D01DD91BC200A212E9 /* Assets.xcassets */,
				1369B1D21DD91BC200A212E9 /* LaunchScreen.storyboard */,
				1369B1D51DD91BC200A212E9 /* Info.plist */,
				1369B1DB1DD91CA000A212E9 /* Event.swift */,
				1369B1DD1DD91DC200A212E9 /* Ticket.swift */,
			);
			path = Turnstyle;
			sourceTree = "<group>";
		};
		2994F92FEB2EC6829A49B522 /* Frameworks */ = {
			isa = PBXGroup;
			children = (
				7CEA39171DDCDE2B00599F5A /* Stripe.framework */,
				7CEA39151DDCDE2700599F5A /* GoogleToolboxForMac.framework */,
				42D2F393F179674A061AD792 /* Pods_Turnstyle.framework */,
			);
			name = Frameworks;
			sourceTree = "<group>";
		};
		C2714D07DB6CE7950EC132A8 /* Pods */ = {
			isa = PBXGroup;
			children = (
				84E56FCB453B4566FC914292 /* Pods-Turnstyle.debug.xcconfig */,
				3CB80A77E508C0FCE5FC9B3A /* Pods-Turnstyle.release.xcconfig */,
			);
			name = Pods;
			sourceTree = "<group>";
		};
/* End PBXGroup section */

/* Begin PBXNativeTarget section */
		1369B1C31DD91BC100A212E9 /* Turnstyle */ = {
			isa = PBXNativeTarget;
			buildConfigurationList = 1369B1D81DD91BC200A212E9 /* Build configuration list for PBXNativeTarget "Turnstyle" */;
			buildPhases = (
				CF315AAF8AFBB7B823332CA8 /* [CP] Check Pods Manifest.lock */,
				1369B1C01DD91BC100A212E9 /* Sources */,
				1369B1C11DD91BC100A212E9 /* Frameworks */,
				1369B1C21DD91BC100A212E9 /* Resources */,
				4C6E07559312AE61C73CFCF9 /* [CP] Embed Pods Frameworks */,
				DE774DCFB1FF22C4B96FBFB9 /* [CP] Copy Pods Resources */,
			);
			buildRules = (
			);
			dependencies = (
			);
			name = Turnstyle;
			productName = Turnstyle;
			productReference = 1369B1C41DD91BC100A212E9 /* Turnstyle.app */;
			productType = "com.apple.product-type.application";
		};
/* End PBXNativeTarget section */

/* Begin PBXProject section */
		1369B1BC1DD91BC100A212E9 /* Project object */ = {
			isa = PBXProject;
			attributes = {
				LastSwiftUpdateCheck = 0810;
				LastUpgradeCheck = 0810;
				ORGANIZATIONNAME = "6164 Productions";
				TargetAttributes = {
					1369B1C31DD91BC100A212E9 = {
						CreatedOnToolsVersion = 8.1;
						ProvisioningStyle = Automatic;
					};
				};
			};
			buildConfigurationList = 1369B1BF1DD91BC100A212E9 /* Build configuration list for PBXProject "Turnstyle" */;
			compatibilityVersion = "Xcode 3.2";
			developmentRegion = English;
			hasScannedForEncodings = 0;
			knownRegions = (
				en,
				Base,
			);
			mainGroup = 1369B1BB1DD91BC100A212E9;
			productRefGroup = 1369B1C51DD91BC100A212E9 /* Products */;
			projectDirPath = "";
			projectRoot = "";
			targets = (
				1369B1C31DD91BC100A212E9 /* Turnstyle */,
			);
		};
/* End PBXProject section */

/* Begin PBXResourcesBuildPhase section */
		1369B1C21DD91BC100A212E9 /* Resources */ = {
			isa = PBXResourcesBuildPhase;
			buildActionMask = 2147483647;
			files = (
				1369B1D41DD91BC200A212E9 /* LaunchScreen.storyboard in Resources */,
				7CEA39141DDCD87D00599F5A /* eventForm.xib in Resources */,
				7C1FC9571DE251CB007DEFA0 /* EventDetailView.xib in Resources */,
				1369B1D11DD91BC200A212E9 /* Assets.xcassets in Resources */,
				7C1757481DDA331B00BECA1E /* GoogleService-Info.plist in Resources */,
				1369B1CF1DD91BC200A212E9 /* Main.storyboard in Resources */,
			);
			runOnlyForDeploymentPostprocessing = 0;
		};
/* End PBXResourcesBuildPhase section */

/* Begin PBXShellScriptBuildPhase section */
		4C6E07559312AE61C73CFCF9 /* [CP] Embed Pods Frameworks */ = {
			isa = PBXShellScriptBuildPhase;
			buildActionMask = 2147483647;
			files = (
			);
			inputPaths = (
			);
			name = "[CP] Embed Pods Frameworks";
			outputPaths = (
			);
			runOnlyForDeploymentPostprocessing = 0;
			shellPath = /bin/sh;
			shellScript = "\"${SRCROOT}/Pods/Target Support Files/Pods-Turnstyle/Pods-Turnstyle-frameworks.sh\"\n";
			showEnvVarsInLog = 0;
		};
		CF315AAF8AFBB7B823332CA8 /* [CP] Check Pods Manifest.lock */ = {
			isa = PBXShellScriptBuildPhase;
			buildActionMask = 2147483647;
			files = (
			);
			inputPaths = (
			);
			name = "[CP] Check Pods Manifest.lock";
			outputPaths = (
			);
			runOnlyForDeploymentPostprocessing = 0;
			shellPath = /bin/sh;
			shellScript = "diff \"${PODS_ROOT}/../Podfile.lock\" \"${PODS_ROOT}/Manifest.lock\" > /dev/null\nif [ $? != 0 ] ; then\n    # print error to STDERR\n    echo \"error: The sandbox is not in sync with the Podfile.lock. Run 'pod install' or update your CocoaPods installation.\" >&2\n    exit 1\nfi\n";
			showEnvVarsInLog = 0;
		};
		DE774DCFB1FF22C4B96FBFB9 /* [CP] Copy Pods Resources */ = {
			isa = PBXShellScriptBuildPhase;
			buildActionMask = 2147483647;
			files = (
			);
			inputPaths = (
			);
			name = "[CP] Copy Pods Resources";
			outputPaths = (
			);
			runOnlyForDeploymentPostprocessing = 0;
			shellPath = /bin/sh;
			shellScript = "\"${SRCROOT}/Pods/Target Support Files/Pods-Turnstyle/Pods-Turnstyle-resources.sh\"\n";
			showEnvVarsInLog = 0;
		};
/* End PBXShellScriptBuildPhase section */

/* Begin PBXSourcesBuildPhase section */
		1369B1C01DD91BC100A212E9 /* Sources */ = {
			isa = PBXSourcesBuildPhase;
			buildActionMask = 2147483647;
			files = (
				1369B1DC1DD91CA000A212E9 /* Event.swift in Sources */,
				1369B1CC1DD91BC200A212E9 /* TicketsViewController.swift in Sources */,
				1369B1DE1DD91DC200A212E9 /* Ticket.swift in Sources */,
				1369B1C81DD91BC200A212E9 /* AppDelegate.swift in Sources */,
				7CEA39131DDCD87D00599F5A /* eventForm.swift in Sources */,
				1369B1CA1DD91BC200A212E9 /* EventsViewController.swift in Sources */,
				7C1FC9561DE251CB007DEFA0 /* EventDetailView.swift in Sources */,
			);
			runOnlyForDeploymentPostprocessing = 0;
		};
/* End PBXSourcesBuildPhase section */

/* Begin PBXVariantGroup section */
		1369B1CD1DD91BC200A212E9 /* Main.storyboard */ = {
			isa = PBXVariantGroup;
			children = (
				1369B1CE1DD91BC200A212E9 /* Base */,
			);
			name = Main.storyboard;
			sourceTree = "<group>";
		};
		1369B1D21DD91BC200A212E9 /* LaunchScreen.storyboard */ = {
			isa = PBXVariantGroup;
			children = (
				1369B1D31DD91BC200A212E9 /* Base */,
			);
			name = LaunchScreen.storyboard;
			sourceTree = "<group>";
		};
/* End PBXVariantGroup section */

/* Begin XCBuildConfiguration section */
		1369B1D61DD91BC200A212E9 /* Debug */ = {
			isa = XCBuildConfiguration;
			buildSettings = {
				ALWAYS_SEARCH_USER_PATHS = NO;
				CLANG_ANALYZER_NONNULL = YES;
				CLANG_CXX_LANGUAGE_STANDARD = "gnu++0x";
				CLANG_CXX_LIBRARY = "libc++";
				CLANG_ENABLE_MODULES = YES;
				CLANG_ENABLE_OBJC_ARC = YES;
				CLANG_WARN_BOOL_CONVERSION = YES;
				CLANG_WARN_CONSTANT_CONVERSION = YES;
				CLANG_WARN_DIRECT_OBJC_ISA_USAGE = YES_ERROR;
				CLANG_WARN_DOCUMENTATION_COMMENTS = YES;
				CLANG_WARN_EMPTY_BODY = YES;
				CLANG_WARN_ENUM_CONVERSION = YES;
				CLANG_WARN_INFINITE_RECURSION = YES;
				CLANG_WARN_INT_CONVERSION = YES;
				CLANG_WARN_OBJC_ROOT_CLASS = YES_ERROR;
				CLANG_WARN_SUSPICIOUS_MOVES = YES;
				CLANG_WARN_UNREACHABLE_CODE = YES;
				CLANG_WARN__DUPLICATE_METHOD_MATCH = YES;
				"CODE_SIGN_IDENTITY[sdk=iphoneos*]" = "iPhone Developer";
				COPY_PHASE_STRIP = NO;
				DEBUG_INFORMATION_FORMAT = dwarf;
				ENABLE_STRICT_OBJC_MSGSEND = YES;
				ENABLE_TESTABILITY = YES;
				GCC_C_LANGUAGE_STANDARD = gnu99;
				GCC_DYNAMIC_NO_PIC = NO;
				GCC_NO_COMMON_BLOCKS = YES;
				GCC_OPTIMIZATION_LEVEL = 0;
				GCC_PREPROCESSOR_DEFINITIONS = (
					"DEBUG=1",
					"$(inherited)",
				);
				GCC_WARN_64_TO_32_BIT_CONVERSION = YES;
				GCC_WARN_ABOUT_RETURN_TYPE = YES_ERROR;
				GCC_WARN_UNDECLARED_SELECTOR = YES;
				GCC_WARN_UNINITIALIZED_AUTOS = YES_AGGRESSIVE;
				GCC_WARN_UNUSED_FUNCTION = YES;
				GCC_WARN_UNUSED_VARIABLE = YES;
				IPHONEOS_DEPLOYMENT_TARGET = 10.1;
				MTL_ENABLE_DEBUG_INFO = YES;
				ONLY_ACTIVE_ARCH = YES;
				SDKROOT = iphoneos;
				SWIFT_ACTIVE_COMPILATION_CONDITIONS = DEBUG;
				SWIFT_OPTIMIZATION_LEVEL = "-Onone";
				TARGETED_DEVICE_FAMILY = "1,2";
			};
			name = Debug;
		};
		1369B1D71DD91BC200A212E9 /* Release */ = {
			isa = XCBuildConfiguration;
			buildSettings = {
				ALWAYS_SEARCH_USER_PATHS = NO;
				CLANG_ANALYZER_NONNULL = YES;
				CLANG_CXX_LANGUAGE_STANDARD = "gnu++0x";
				CLANG_CXX_LIBRARY = "libc++";
				CLANG_ENABLE_MODULES = YES;
				CLANG_ENABLE_OBJC_ARC = YES;
				CLANG_WARN_BOOL_CONVERSION = YES;
				CLANG_WARN_CONSTANT_CONVERSION = YES;
				CLANG_WARN_DIRECT_OBJC_ISA_USAGE = YES_ERROR;
				CLANG_WARN_DOCUMENTATION_COMMENTS = YES;
				CLANG_WARN_EMPTY_BODY = YES;
				CLANG_WARN_ENUM_CONVERSION = YES;
				CLANG_WARN_INFINITE_RECURSION = YES;
				CLANG_WARN_INT_CONVERSION = YES;
				CLANG_WARN_OBJC_ROOT_CLASS = YES_ERROR;
				CLANG_WARN_SUSPICIOUS_MOVES = YES;
				CLANG_WARN_UNREACHABLE_CODE = YES;
				CLANG_WARN__DUPLICATE_METHOD_MATCH = YES;
				"CODE_SIGN_IDENTITY[sdk=iphoneos*]" = "iPhone Developer";
				COPY_PHASE_STRIP = NO;
				DEBUG_INFORMATION_FORMAT = "dwarf-with-dsym";
				ENABLE_NS_ASSERTIONS = NO;
				ENABLE_STRICT_OBJC_MSGSEND = YES;
				GCC_C_LANGUAGE_STANDARD = gnu99;
				GCC_NO_COMMON_BLOCKS = YES;
				GCC_WARN_64_TO_32_BIT_CONVERSION = YES;
				GCC_WARN_ABOUT_RETURN_TYPE = YES_ERROR;
				GCC_WARN_UNDECLARED_SELECTOR = YES;
				GCC_WARN_UNINITIALIZED_AUTOS = YES_AGGRESSIVE;
				GCC_WARN_UNUSED_FUNCTION = YES;
				GCC_WARN_UNUSED_VARIABLE = YES;
				IPHONEOS_DEPLOYMENT_TARGET = 10.1;
				MTL_ENABLE_DEBUG_INFO = NO;
				SDKROOT = iphoneos;
				SWIFT_OPTIMIZATION_LEVEL = "-Owholemodule";
				TARGETED_DEVICE_FAMILY = "1,2";
				VALIDATE_PRODUCT = YES;
			};
			name = Release;
		};
		1369B1D91DD91BC200A212E9 /* Debug */ = {
			isa = XCBuildConfiguration;
			baseConfigurationReference = 84E56FCB453B4566FC914292 /* Pods-Turnstyle.debug.xcconfig */;
			buildSettings = {
				ASSETCATALOG_COMPILER_APPICON_NAME = AppIcon;
				INFOPLIST_FILE = Turnstyle/Info.plist;
				LD_RUNPATH_SEARCH_PATHS = "$(inherited) @executable_path/Frameworks";
				PRODUCT_BUNDLE_IDENTIFIER = style.turn;
				PRODUCT_NAME = "$(TARGET_NAME)";
				SWIFT_VERSION = 3.0;
			};
			name = Debug;
		};
		1369B1DA1DD91BC200A212E9 /* Release */ = {
			isa = XCBuildConfiguration;
			baseConfigurationReference = 3CB80A77E508C0FCE5FC9B3A /* Pods-Turnstyle.release.xcconfig */;
			buildSettings = {
				ASSETCATALOG_COMPILER_APPICON_NAME = AppIcon;
				INFOPLIST_FILE = Turnstyle/Info.plist;
				LD_RUNPATH_SEARCH_PATHS = "$(inherited) @executable_path/Frameworks";
				PRODUCT_BUNDLE_IDENTIFIER = style.turn;
				PRODUCT_NAME = "$(TARGET_NAME)";
				SWIFT_VERSION = 3.0;
			};
			name = Release;
		};
/* End XCBuildConfiguration section */

/* Begin XCConfigurationList section */
		1369B1BF1DD91BC100A212E9 /* Build configuration list for PBXProject "Turnstyle" */ = {
			isa = XCConfigurationList;
			buildConfigurations = (
				1369B1D61DD91BC200A212E9 /* Debug */,
				1369B1D71DD91BC200A212E9 /* Release */,
			);
			defaultConfigurationIsVisible = 0;
			defaultConfigurationName = Release;
		};
		1369B1D81DD91BC200A212E9 /* Build configuration list for PBXNativeTarget "Turnstyle" */ = {
			isa = XCConfigurationList;
			buildConfigurations = (
				1369B1D91DD91BC200A212E9 /* Debug */,
				1369B1DA1DD91BC200A212E9 /* Release */,
			);
			defaultConfigurationIsVisible = 0;
			defaultConfigurationName = Release;
		};
/* End XCConfigurationList section */
	};
	rootObject = 1369B1BC1DD91BC100A212E9 /* Project object */;
}
